// !$*UTF8*$!
{
	archiveVersion = 1;
	classes = {
	};
	objectVersion = 77;
	objects = {

/* Begin PBXBuildFile section */
		96B194DA2D7CBC1D003DE913 /* WidgetKit.framework in Frameworks */ = {isa = PBXBuildFile; fileRef = 96B194D92D7CBC1D003DE913 /* WidgetKit.framework */; };
		96B194DC2D7CBC1D003DE913 /* SwiftUI.framework in Frameworks */ = {isa = PBXBuildFile; fileRef = 96B194DB2D7CBC1D003DE913 /* SwiftUI.framework */; };
		96B194E72D7CBC1F003DE913 /* widgetsExtension.appex in Embed Foundation Extensions */ = {isa = PBXBuildFile; fileRef = 96B194D72D7CBC1D003DE913 /* widgetsExtension.appex */; settings = {ATTRIBUTES = (RemoveHeadersOnCopy, ); }; };
/* End PBXBuildFile section */

/* Begin PBXContainerItemProxy section */
		9684AD352D777D790057025B /* PBXContainerItemProxy */ = {
			isa = PBXContainerItemProxy;
			containerPortal = 9684AD1C2D777D770057025B /* Project object */;
			proxyType = 1;
			remoteGlobalIDString = 9684AD232D777D770057025B;
			remoteInfo = retiretime;
		};
		9684AD3F2D777D790057025B /* PBXContainerItemProxy */ = {
			isa = PBXContainerItemProxy;
			containerPortal = 9684AD1C2D777D770057025B /* Project object */;
			proxyType = 1;
			remoteGlobalIDString = 9684AD232D777D770057025B;
			remoteInfo = retiretime;
		};
		96B194E52D7CBC1F003DE913 /* PBXContainerItemProxy */ = {
			isa = PBXContainerItemProxy;
			containerPortal = 9684AD1C2D777D770057025B /* Project object */;
			proxyType = 1;
			remoteGlobalIDString = 96B194D62D7CBC1D003DE913;
			remoteInfo = widgetsExtension;
		};
/* End PBXContainerItemProxy section */

/* Begin PBXCopyFilesBuildPhase section */
		96B194EC2D7CBC1F003DE913 /* Embed Foundation Extensions */ = {
			isa = PBXCopyFilesBuildPhase;
			buildActionMask = 2147483647;
			dstPath = "";
			dstSubfolderSpec = 13;
			files = (
				96B194E72D7CBC1F003DE913 /* widgetsExtension.appex in Embed Foundation Extensions */,
			);
			name = "Embed Foundation Extensions";
			runOnlyForDeploymentPostprocessing = 0;
		};
/* End PBXCopyFilesBuildPhase section */

/* Begin PBXFileReference section */
		9684AD242D777D770057025B /* retiretime.app */ = {isa = PBXFileReference; explicitFileType = wrapper.application; includeInIndex = 0; path = retiretime.app; sourceTree = BUILT_PRODUCTS_DIR; };
		9684AD342D777D790057025B /* retiretimeTests.xctest */ = {isa = PBXFileReference; explicitFileType = wrapper.cfbundle; includeInIndex = 0; path = retiretimeTests.xctest; sourceTree = BUILT_PRODUCTS_DIR; };
		9684AD3E2D777D790057025B /* retiretimeUITests.xctest */ = {isa = PBXFileReference; explicitFileType = wrapper.cfbundle; includeInIndex = 0; path = retiretimeUITests.xctest; sourceTree = BUILT_PRODUCTS_DIR; };
		96B194D72D7CBC1D003DE913 /* widgetsExtension.appex */ = {isa = PBXFileReference; explicitFileType = "wrapper.app-extension"; includeInIndex = 0; path = widgetsExtension.appex; sourceTree = BUILT_PRODUCTS_DIR; };
		96B194D92D7CBC1D003DE913 /* WidgetKit.framework */ = {isa = PBXFileReference; lastKnownFileType = wrapper.framework; name = WidgetKit.framework; path = System/Library/Frameworks/WidgetKit.framework; sourceTree = SDKROOT; };
		96B194DB2D7CBC1D003DE913 /* SwiftUI.framework */ = {isa = PBXFileReference; lastKnownFileType = wrapper.framework; name = SwiftUI.framework; path = System/Library/Frameworks/SwiftUI.framework; sourceTree = SDKROOT; };
		96B194ED2D7CBC3F003DE913 /* widgetsExtension.entitlements */ = {isa = PBXFileReference; lastKnownFileType = text.plist.entitlements; path = widgetsExtension.entitlements; sourceTree = "<group>"; };
/* End PBXFileReference section */

/* Begin PBXFileSystemSynchronizedBuildFileExceptionSet section */
		967BE5062D7A2AC200614EC7 /* Exceptions for "retiretime" folder in "retiretime" target */ = {
			isa = PBXFileSystemSynchronizedBuildFileExceptionSet;
			membershipExceptions = (
				Info.plist,
			);
			target = 9684AD232D777D770057025B /* retiretime */;
		};
		96B194EB2D7CBC1F003DE913 /* Exceptions for "widgets" folder in "widgetsExtension" target */ = {
			isa = PBXFileSystemSynchronizedBuildFileExceptionSet;
			membershipExceptions = (
				Info.plist,
			);
			target = 96B194D62D7CBC1D003DE913 /* widgetsExtension */;
		};
/* End PBXFileSystemSynchronizedBuildFileExceptionSet section */

/* Begin PBXFileSystemSynchronizedRootGroup section */
		9684AD262D777D770057025B /* retiretime */ = {
			isa = PBXFileSystemSynchronizedRootGroup;
			exceptions = (
				967BE5062D7A2AC200614EC7 /* Exceptions for "retiretime" folder in "retiretime" target */,
			);
			path = retiretime;
			sourceTree = "<group>";
		};
		9684AD372D777D790057025B /* retiretimeTests */ = {
			isa = PBXFileSystemSynchronizedRootGroup;
			path = retiretimeTests;
			sourceTree = "<group>";
		};
		9684AD412D777D790057025B /* retiretimeUITests */ = {
			isa = PBXFileSystemSynchronizedRootGroup;
			path = retiretimeUITests;
			sourceTree = "<group>";
		};
		96B194DD2D7CBC1D003DE913 /* widgets */ = {
			isa = PBXFileSystemSynchronizedRootGroup;
			exceptions = (
				96B194EB2D7CBC1F003DE913 /* Exceptions for "widgets" folder in "widgetsExtension" target */,
			);
			path = widgets;
			sourceTree = "<group>";
		};
/* End PBXFileSystemSynchronizedRootGroup section */

/* Begin PBXFrameworksBuildPhase section */
		9684AD212D777D770057025B /* Frameworks */ = {
			isa = PBXFrameworksBuildPhase;
			buildActionMask = 2147483647;
			files = (
			);
			runOnlyForDeploymentPostprocessing = 0;
		};
		9684AD312D777D790057025B /* Frameworks */ = {
			isa = PBXFrameworksBuildPhase;
			buildActionMask = 2147483647;
			files = (
			);
			runOnlyForDeploymentPostprocessing = 0;
		};
		9684AD3B2D777D790057025B /* Frameworks */ = {
			isa = PBXFrameworksBuildPhase;
			buildActionMask = 2147483647;
			files = (
			);
			runOnlyForDeploymentPostprocessing = 0;
		};
		96B194D42D7CBC1D003DE913 /* Frameworks */ = {
			isa = PBXFrameworksBuildPhase;
			buildActionMask = 2147483647;
			files = (
				96B194DC2D7CBC1D003DE913 /* SwiftUI.framework in Frameworks */,
				96B194DA2D7CBC1D003DE913 /* WidgetKit.framework in Frameworks */,
			);
			runOnlyForDeploymentPostprocessing = 0;
		};
/* End PBXFrameworksBuildPhase section */

/* Begin PBXGroup section */
		9684AD1B2D777D770057025B = {
			isa = PBXGroup;
			children = (
				96B194ED2D7CBC3F003DE913 /* widgetsExtension.entitlements */,
				9684AD262D777D770057025B /* retiretime */,
				9684AD372D777D790057025B /* retiretimeTests */,
				9684AD412D777D790057025B /* retiretimeUITests */,
				96B194DD2D7CBC1D003DE913 /* widgets */,
				96B194D82D7CBC1D003DE913 /* Frameworks */,
				9684AD252D777D770057025B /* Products */,
			);
			sourceTree = "<group>";
		};
		9684AD252D777D770057025B /* Products */ = {
			isa = PBXGroup;
			children = (
				9684AD242D777D770057025B /* retiretime.app */,
				9684AD342D777D790057025B /* retiretimeTests.xctest */,
				9684AD3E2D777D790057025B /* retiretimeUITests.xctest */,
				96B194D72D7CBC1D003DE913 /* widgetsExtension.appex */,
			);
			name = Products;
			sourceTree = "<group>";
		};
		96B194D82D7CBC1D003DE913 /* Frameworks */ = {
			isa = PBXGroup;
			children = (
				96B194D92D7CBC1D003DE913 /* WidgetKit.framework */,
				96B194DB2D7CBC1D003DE913 /* SwiftUI.framework */,
			);
			name = Frameworks;
			sourceTree = "<group>";
		};
/* End PBXGroup section */

/* Begin PBXNativeTarget section */
		9684AD232D777D770057025B /* retiretime */ = {
			isa = PBXNativeTarget;
			buildConfigurationList = 9684AD482D777D790057025B /* Build configuration list for PBXNativeTarget "retiretime" */;
			buildPhases = (
				9684AD202D777D770057025B /* Sources */,
				9684AD212D777D770057025B /* Frameworks */,
				9684AD222D777D770057025B /* Resources */,
				96B194EC2D7CBC1F003DE913 /* Embed Foundation Extensions */,
			);
			buildRules = (
			);
			dependencies = (
				96B194E62D7CBC1F003DE913 /* PBXTargetDependency */,
			);
			fileSystemSynchronizedGroups = (
				9684AD262D777D770057025B /* retiretime */,
			);
			name = retiretime;
			packageProductDependencies = (
			);
			productName = retiretime;
			productReference = 9684AD242D777D770057025B /* retiretime.app */;
			productType = "com.apple.product-type.application";
		};
		9684AD332D777D790057025B /* retiretimeTests */ = {
			isa = PBXNativeTarget;
			buildConfigurationList = 9684AD4B2D777D790057025B /* Build configuration list for PBXNativeTarget "retiretimeTests" */;
			buildPhases = (
				9684AD302D777D790057025B /* Sources */,
				9684AD312D777D790057025B /* Frameworks */,
				9684AD322D777D790057025B /* Resources */,
			);
			buildRules = (
			);
			dependencies = (
				9684AD362D777D790057025B /* PBXTargetDependency */,
			);
			fileSystemSynchronizedGroups = (
				9684AD372D777D790057025B /* retiretimeTests */,
			);
			name = retiretimeTests;
			packageProductDependencies = (
			);
			productName = retiretimeTests;
			productReference = 9684AD342D777D790057025B /* retiretimeTests.xctest */;
			productType = "com.apple.product-type.bundle.unit-test";
		};
		9684AD3D2D777D790057025B /* retiretimeUITests */ = {
			isa = PBXNativeTarget;
			buildConfigurationList = 9684AD4E2D777D790057025B /* Build configuration list for PBXNativeTarget "retiretimeUITests" */;
			buildPhases = (
				9684AD3A2D777D790057025B /* Sources */,
				9684AD3B2D777D790057025B /* Frameworks */,
				9684AD3C2D777D790057025B /* Resources */,
			);
			buildRules = (
			);
			dependencies = (
				9684AD402D777D790057025B /* PBXTargetDependency */,
			);
			fileSystemSynchronizedGroups = (
				9684AD412D777D790057025B /* retiretimeUITests */,
			);
			name = retiretimeUITests;
			packageProductDependencies = (
			);
			productName = retiretimeUITests;
			productReference = 9684AD3E2D777D790057025B /* retiretimeUITests.xctest */;
			productType = "com.apple.product-type.bundle.ui-testing";
		};
		96B194D62D7CBC1D003DE913 /* widgetsExtension */ = {
			isa = PBXNativeTarget;
			buildConfigurationList = 96B194E82D7CBC1F003DE913 /* Build configuration list for PBXNativeTarget "widgetsExtension" */;
			buildPhases = (
				96B194D32D7CBC1D003DE913 /* Sources */,
				96B194D42D7CBC1D003DE913 /* Frameworks */,
				96B194D52D7CBC1D003DE913 /* Resources */,
			);
			buildRules = (
			);
			dependencies = (
			);
			fileSystemSynchronizedGroups = (
				96B194DD2D7CBC1D003DE913 /* widgets */,
			);
			name = widgetsExtension;
			packageProductDependencies = (
			);
			productName = widgetsExtension;
			productReference = 96B194D72D7CBC1D003DE913 /* widgetsExtension.appex */;
			productType = "com.apple.product-type.app-extension";
		};
/* End PBXNativeTarget section */

/* Begin PBXProject section */
		9684AD1C2D777D770057025B /* Project object */ = {
			isa = PBXProject;
			attributes = {
				BuildIndependentTargetsInParallel = 1;
				LastSwiftUpdateCheck = 1620;
				LastUpgradeCheck = 1620;
				TargetAttributes = {
					9684AD232D777D770057025B = {
						CreatedOnToolsVersion = 16.2;
					};
					9684AD332D777D790057025B = {
						CreatedOnToolsVersion = 16.2;
						TestTargetID = 9684AD232D777D770057025B;
					};
					9684AD3D2D777D790057025B = {
						CreatedOnToolsVersion = 16.2;
						TestTargetID = 9684AD232D777D770057025B;
					};
					96B194D62D7CBC1D003DE913 = {
						CreatedOnToolsVersion = 16.2;
					};
				};
			};
			buildConfigurationList = 9684AD1F2D777D770057025B /* Build configuration list for PBXProject "retiretime" */;
			developmentRegion = en;
			hasScannedForEncodings = 0;
			knownRegions = (
				en,
				Base,
			);
			mainGroup = 9684AD1B2D777D770057025B;
			minimizedProjectReferenceProxies = 1;
			preferredProjectObjectVersion = 77;
			productRefGroup = 9684AD252D777D770057025B /* Products */;
			projectDirPath = "";
			projectRoot = "";
			targets = (
				9684AD232D777D770057025B /* retiretime */,
				9684AD332D777D790057025B /* retiretimeTests */,
				9684AD3D2D777D790057025B /* retiretimeUITests */,
				96B194D62D7CBC1D003DE913 /* widgetsExtension */,
			);
		};
/* End PBXProject section */

/* Begin PBXResourcesBuildPhase section */
		9684AD222D777D770057025B /* Resources */ = {
			isa = PBXResourcesBuildPhase;
			buildActionMask = 2147483647;
			files = (
			);
			runOnlyForDeploymentPostprocessing = 0;
		};
		9684AD322D777D790057025B /* Resources */ = {
			isa = PBXResourcesBuildPhase;
			buildActionMask = 2147483647;
			files = (
			);
			runOnlyForDeploymentPostprocessing = 0;
		};
		9684AD3C2D777D790057025B /* Resources */ = {
			isa = PBXResourcesBuildPhase;
			buildActionMask = 2147483647;
			files = (
			);
			runOnlyForDeploymentPostprocessing = 0;
		};
		96B194D52D7CBC1D003DE913 /* Resources */ = {
			isa = PBXResourcesBuildPhase;
			buildActionMask = 2147483647;
			files = (
			);
			runOnlyForDeploymentPostprocessing = 0;
		};
/* End PBXResourcesBuildPhase section */

/* Begin PBXSourcesBuildPhase section */
		9684AD202D777D770057025B /* Sources */ = {
			isa = PBXSourcesBuildPhase;
			buildActionMask = 2147483647;
			files = (
			);
			runOnlyForDeploymentPostprocessing = 0;
		};
		9684AD302D777D790057025B /* Sources */ = {
			isa = PBXSourcesBuildPhase;
			buildActionMask = 2147483647;
			files = (
			);
			runOnlyForDeploymentPostprocessing = 0;
		};
		9684AD3A2D777D790057025B /* Sources */ = {
			isa = PBXSourcesBuildPhase;
			buildActionMask = 2147483647;
			files = (
			);
			runOnlyForDeploymentPostprocessing = 0;
		};
		96B194D32D7CBC1D003DE913 /* Sources */ = {
			isa = PBXSourcesBuildPhase;
			buildActionMask = 2147483647;
			files = (
			);
			runOnlyForDeploymentPostprocessing = 0;
		};
/* End PBXSourcesBuildPhase section */

/* Begin PBXTargetDependency section */
		9684AD362D777D790057025B /* PBXTargetDependency */ = {
			isa = PBXTargetDependency;
			target = 9684AD232D777D770057025B /* retiretime */;
			targetProxy = 9684AD352D777D790057025B /* PBXContainerItemProxy */;
		};
		9684AD402D777D790057025B /* PBXTargetDependency */ = {
			isa = PBXTargetDependency;
			target = 9684AD232D777D770057025B /* retiretime */;
			targetProxy = 9684AD3F2D777D790057025B /* PBXContainerItemProxy */;
		};
		96B194E62D7CBC1F003DE913 /* PBXTargetDependency */ = {
			isa = PBXTargetDependency;
			target = 96B194D62D7CBC1D003DE913 /* widgetsExtension */;
			targetProxy = 96B194E52D7CBC1F003DE913 /* PBXContainerItemProxy */;
		};
/* End PBXTargetDependency section */

/* Begin XCBuildConfiguration section */
		9684AD462D777D790057025B /* Debug */ = {
			isa = XCBuildConfiguration;
			buildSettings = {
				ALWAYS_SEARCH_USER_PATHS = NO;
				ASSETCATALOG_COMPILER_GENERATE_SWIFT_ASSET_SYMBOL_EXTENSIONS = YES;
				CLANG_ANALYZER_NONNULL = YES;
				CLANG_ANALYZER_NUMBER_OBJECT_CONVERSION = YES_AGGRESSIVE;
				CLANG_CXX_LANGUAGE_STANDARD = "gnu++20";
				CLANG_ENABLE_MODULES = YES;
				CLANG_ENABLE_OBJC_ARC = YES;
				CLANG_ENABLE_OBJC_WEAK = YES;
				CLANG_WARN_BLOCK_CAPTURE_AUTORELEASING = YES;
				CLANG_WARN_BOOL_CONVERSION = YES;
				CLANG_WARN_COMMA = YES;
				CLANG_WARN_CONSTANT_CONVERSION = YES;
				CLANG_WARN_DEPRECATED_OBJC_IMPLEMENTATIONS = YES;
				CLANG_WARN_DIRECT_OBJC_ISA_USAGE = YES_ERROR;
				CLANG_WARN_DOCUMENTATION_COMMENTS = YES;
				CLANG_WARN_EMPTY_BODY = YES;
				CLANG_WARN_ENUM_CONVERSION = YES;
				CLANG_WARN_INFINITE_RECURSION = YES;
				CLANG_WARN_INT_CONVERSION = YES;
				CLANG_WARN_NON_LITERAL_NULL_CONVERSION = YES;
				CLANG_WARN_OBJC_IMPLICIT_RETAIN_SELF = YES;
				CLANG_WARN_OBJC_LITERAL_CONVERSION = YES;
				CLANG_WARN_OBJC_ROOT_CLASS = YES_ERROR;
				CLANG_WARN_QUOTED_INCLUDE_IN_FRAMEWORK_HEADER = YES;
				CLANG_WARN_RANGE_LOOP_ANALYSIS = YES;
				CLANG_WARN_STRICT_PROTOTYPES = YES;
				CLANG_WARN_SUSPICIOUS_MOVE = YES;
				CLANG_WARN_UNGUARDED_AVAILABILITY = YES_AGGRESSIVE;
				CLANG_WARN_UNREACHABLE_CODE = YES;
				CLANG_WARN__DUPLICATE_METHOD_MATCH = YES;
				COPY_PHASE_STRIP = NO;
				DEBUG_INFORMATION_FORMAT = dwarf;
				ENABLE_STRICT_OBJC_MSGSEND = YES;
				ENABLE_TESTABILITY = YES;
				ENABLE_USER_SCRIPT_SANDBOXING = YES;
				GCC_C_LANGUAGE_STANDARD = gnu17;
				GCC_DYNAMIC_NO_PIC = NO;
				GCC_NO_COMMON_BLOCKS = YES;
				GCC_OPTIMIZATION_LEVEL = 0;
				GCC_PREPROCESSOR_DEFINITIONS = (
					"DEBUG=1",
					"$(inherited)",
				);
				GCC_WARN_64_TO_32_BIT_CONVERSION = YES;
				GCC_WARN_ABOUT_RETURN_TYPE = YES_ERROR;
				GCC_WARN_UNDECLARED_SELECTOR = YES;
				GCC_WARN_UNINITIALIZED_AUTOS = YES_AGGRESSIVE;
				GCC_WARN_UNUSED_FUNCTION = YES;
				GCC_WARN_UNUSED_VARIABLE = YES;
				IPHONEOS_DEPLOYMENT_TARGET = 18.2;
				LOCALIZATION_PREFERS_STRING_CATALOGS = YES;
				MTL_ENABLE_DEBUG_INFO = INCLUDE_SOURCE;
				MTL_FAST_MATH = YES;
				ONLY_ACTIVE_ARCH = YES;
				SDKROOT = iphoneos;
				SWIFT_ACTIVE_COMPILATION_CONDITIONS = "DEBUG $(inherited)";
				SWIFT_OPTIMIZATION_LEVEL = "-Onone";
			};
			name = Debug;
		};
		9684AD472D777D790057025B /* Release */ = {
			isa = XCBuildConfiguration;
			buildSettings = {
				ALWAYS_SEARCH_USER_PATHS = NO;
				ASSETCATALOG_COMPILER_GENERATE_SWIFT_ASSET_SYMBOL_EXTENSIONS = YES;
				CLANG_ANALYZER_NONNULL = YES;
				CLANG_ANALYZER_NUMBER_OBJECT_CONVERSION = YES_AGGRESSIVE;
				CLANG_CXX_LANGUAGE_STANDARD = "gnu++20";
				CLANG_ENABLE_MODULES = YES;
				CLANG_ENABLE_OBJC_ARC = YES;
				CLANG_ENABLE_OBJC_WEAK = YES;
				CLANG_WARN_BLOCK_CAPTURE_AUTORELEASING = YES;
				CLANG_WARN_BOOL_CONVERSION = YES;
				CLANG_WARN_COMMA = YES;
				CLANG_WARN_CONSTANT_CONVERSION = YES;
				CLANG_WARN_DEPRECATED_OBJC_IMPLEMENTATIONS = YES;
				CLANG_WARN_DIRECT_OBJC_ISA_USAGE = YES_ERROR;
				CLANG_WARN_DOCUMENTATION_COMMENTS = YES;
				CLANG_WARN_EMPTY_BODY = YES;
				CLANG_WARN_ENUM_CONVERSION = YES;
				CLANG_WARN_INFINITE_RECURSION = YES;
				CLANG_WARN_INT_CONVERSION = YES;
				CLANG_WARN_NON_LITERAL_NULL_CONVERSION = YES;
				CLANG_WARN_OBJC_IMPLICIT_RETAIN_SELF = YES;
				CLANG_WARN_OBJC_LITERAL_CONVERSION = YES;
				CLANG_WARN_OBJC_ROOT_CLASS = YES_ERROR;
				CLANG_WARN_QUOTED_INCLUDE_IN_FRAMEWORK_HEADER = YES;
				CLANG_WARN_RANGE_LOOP_ANALYSIS = YES;
				CLANG_WARN_STRICT_PROTOTYPES = YES;
				CLANG_WARN_SUSPICIOUS_MOVE = YES;
				CLANG_WARN_UNGUARDED_AVAILABILITY = YES_AGGRESSIVE;
				CLANG_WARN_UNREACHABLE_CODE = YES;
				CLANG_WARN__DUPLICATE_METHOD_MATCH = YES;
				COPY_PHASE_STRIP = NO;
				DEBUG_INFORMATION_FORMAT = "dwarf-with-dsym";
				ENABLE_NS_ASSERTIONS = NO;
				ENABLE_STRICT_OBJC_MSGSEND = YES;
				ENABLE_USER_SCRIPT_SANDBOXING = YES;
				GCC_C_LANGUAGE_STANDARD = gnu17;
				GCC_NO_COMMON_BLOCKS = YES;
				GCC_WARN_64_TO_32_BIT_CONVERSION = YES;
				GCC_WARN_ABOUT_RETURN_TYPE = YES_ERROR;
				GCC_WARN_UNDECLARED_SELECTOR = YES;
				GCC_WARN_UNINITIALIZED_AUTOS = YES_AGGRESSIVE;
				GCC_WARN_UNUSED_FUNCTION = YES;
				GCC_WARN_UNUSED_VARIABLE = YES;
				IPHONEOS_DEPLOYMENT_TARGET = 18.2;
				LOCALIZATION_PREFERS_STRING_CATALOGS = YES;
				MTL_ENABLE_DEBUG_INFO = NO;
				MTL_FAST_MATH = YES;
				SDKROOT = iphoneos;
				SWIFT_COMPILATION_MODE = wholemodule;
				VALIDATE_PRODUCT = YES;
			};
			name = Release;
		};
		9684AD492D777D790057025B /* Debug */ = {
			isa = XCBuildConfiguration;
			buildSettings = {
				ASSETCATALOG_COMPILER_APPICON_NAME = AppIcon;
				ASSETCATALOG_COMPILER_GLOBAL_ACCENT_COLOR_NAME = AccentColor;
				CODE_SIGN_ENTITLEMENTS = retiretime/retiretime.entitlements;
				"CODE_SIGN_IDENTITY[sdk=iphoneos*]" = "iPhone Developer";
				CODE_SIGN_STYLE = Manual;
				CURRENT_PROJECT_VERSION = 5;
				DEVELOPMENT_ASSET_PATHS = "\"retiretime/Preview Content\"";
				DEVELOPMENT_TEAM = "";
				"DEVELOPMENT_TEAM[sdk=iphoneos*]" = HLX2VK46WD;
				ENABLE_PREVIEWS = YES;
				GENERATE_INFOPLIST_FILE = NO;
				INFOPLIST_FILE = retiretime/Info.plist;
				INFOPLIST_KEY_UIApplicationSceneManifest_Generation = YES;
				INFOPLIST_KEY_UIApplicationSupportsIndirectInputEvents = YES;
				INFOPLIST_KEY_UILaunchScreen_Generation = YES;
				INFOPLIST_KEY_UISupportedInterfaceOrientations_iPad = "UIInterfaceOrientationPortrait UIInterfaceOrientationPortraitUpsideDown UIInterfaceOrientationLandscapeLeft UIInterfaceOrientationLandscapeRight";
				INFOPLIST_KEY_UISupportedInterfaceOrientations_iPhone = "UIInterfaceOrientationPortrait UIInterfaceOrientationLandscapeLeft UIInterfaceOrientationLandscapeRight";
				IPHONEOS_DEPLOYMENT_TARGET = 16.0;
				LD_RUNPATH_SEARCH_PATHS = (
					"$(inherited)",
					"@executable_path/Frameworks",
				);
				MARKETING_VERSION = 0.0.4;
				PRODUCT_BUNDLE_IDENTIFIER = com.fenghua.retiretime;
				PRODUCT_NAME = "$(TARGET_NAME)";
				PROVISIONING_PROFILE_SPECIFIER = "";
				"PROVISIONING_PROFILE_SPECIFIER[sdk=iphoneos*]" = com.fenghua.retiretime.developer;
				SWIFT_EMIT_LOC_STRINGS = YES;
				SWIFT_VERSION = 5.0;
				TARGETED_DEVICE_FAMILY = "1,2";
			};
			name = Debug;
		};
		9684AD4A2D777D790057025B /* Release */ = {
			isa = XCBuildConfiguration;
			buildSettings = {
				ASSETCATALOG_COMPILER_APPICON_NAME = AppIcon;
				ASSETCATALOG_COMPILER_GLOBAL_ACCENT_COLOR_NAME = AccentColor;
				CODE_SIGN_ENTITLEMENTS = retiretime/retiretime.entitlements;
				"CODE_SIGN_IDENTITY[sdk=iphoneos*]" = "iPhone Distribution";
				CODE_SIGN_STYLE = Manual;
				CURRENT_PROJECT_VERSION = 5;
				DEVELOPMENT_ASSET_PATHS = "\"retiretime/Preview Content\"";
				DEVELOPMENT_TEAM = "";
				"DEVELOPMENT_TEAM[sdk=iphoneos*]" = HLX2VK46WD;
				ENABLE_PREVIEWS = YES;
				GENERATE_INFOPLIST_FILE = NO;
				INFOPLIST_FILE = retiretime/Info.plist;
				INFOPLIST_KEY_UIApplicationSceneManifest_Generation = YES;
				INFOPLIST_KEY_UIApplicationSupportsIndirectInputEvents = YES;
				INFOPLIST_KEY_UILaunchScreen_Generation = YES;
				INFOPLIST_KEY_UISupportedInterfaceOrientations_iPad = "UIInterfaceOrientationPortrait UIInterfaceOrientationPortraitUpsideDown UIInterfaceOrientationLandscapeLeft UIInterfaceOrientationLandscapeRight";
				INFOPLIST_KEY_UISupportedInterfaceOrientations_iPhone = "UIInterfaceOrientationPortrait UIInterfaceOrientationLandscapeLeft UIInterfaceOrientationLandscapeRight";
				IPHONEOS_DEPLOYMENT_TARGET = 16.0;
				LD_RUNPATH_SEARCH_PATHS = (
					"$(inherited)",
					"@executable_path/Frameworks",
				);
				MARKETING_VERSION = 0.0.4;
				PRODUCT_BUNDLE_IDENTIFIER = com.fenghua.retiretime;
				PRODUCT_NAME = "$(TARGET_NAME)";
				PROVISIONING_PROFILE_SPECIFIER = "";
				"PROVISIONING_PROFILE_SPECIFIER[sdk=iphoneos*]" = com.fenghua.retiretime.adhoc;
				SWIFT_EMIT_LOC_STRINGS = YES;
				SWIFT_VERSION = 5.0;
				TARGETED_DEVICE_FAMILY = "1,2";
			};
			name = Release;
		};
		9684AD4C2D777D790057025B /* Debug */ = {
			isa = XCBuildConfiguration;
			buildSettings = {
				BUNDLE_LOADER = "$(TEST_HOST)";
				CODE_SIGN_STYLE = Automatic;
				CURRENT_PROJECT_VERSION = 1;
				GENERATE_INFOPLIST_FILE = NO;
				INFOPLIST_FILE = retiretime/Info.plist;
				IPHONEOS_DEPLOYMENT_TARGET = 18.2;
				MARKETING_VERSION = 1.0;
				PRODUCT_BUNDLE_IDENTIFIER = com.fenghua.retiretimeTests;
				PRODUCT_NAME = "$(TARGET_NAME)";
				SWIFT_EMIT_LOC_STRINGS = NO;
				SWIFT_VERSION = 5.0;
				TARGETED_DEVICE_FAMILY = "1,2";
				TEST_HOST = "$(BUILT_PRODUCTS_DIR)/retiretime.app/$(BUNDLE_EXECUTABLE_FOLDER_PATH)/retiretime";
			};
			name = Debug;
		};
		9684AD4D2D777D790057025B /* Release */ = {
			isa = XCBuildConfiguration;
			buildSettings = {
				BUNDLE_LOADER = "$(TEST_HOST)";
				CODE_SIGN_STYLE = Automatic;
				CURRENT_PROJECT_VERSION = 1;
				GENERATE_INFOPLIST_FILE = NO;
				INFOPLIST_FILE = retiretime/Info.plist;
				IPHONEOS_DEPLOYMENT_TARGET = 18.2;
				MARKETING_VERSION = 1.0;
				PRODUCT_BUNDLE_IDENTIFIER = com.fenghua.retiretimeTests;
				PRODUCT_NAME = "$(TARGET_NAME)";
				SWIFT_EMIT_LOC_STRINGS = NO;
				SWIFT_VERSION = 5.0;
				TARGETED_DEVICE_FAMILY = "1,2";
				TEST_HOST = "$(BUILT_PRODUCTS_DIR)/retiretime.app/$(BUNDLE_EXECUTABLE_FOLDER_PATH)/retiretime";
			};
			name = Release;
		};
		9684AD4F2D777D790057025B /* Debug */ = {
			isa = XCBuildConfiguration;
			buildSettings = {
				CODE_SIGN_STYLE = Automatic;
				CURRENT_PROJECT_VERSION = 1;
				GENERATE_INFOPLIST_FILE = NO;
				INFOPLIST_FILE = retiretime/Info.plist;
				MARKETING_VERSION = 1.0;
				PRODUCT_BUNDLE_IDENTIFIER = com.fenghua.retiretimeUITests;
				PRODUCT_NAME = "$(TARGET_NAME)";
				SWIFT_EMIT_LOC_STRINGS = NO;
				SWIFT_VERSION = 5.0;
				TARGETED_DEVICE_FAMILY = "1,2";
				TEST_TARGET_NAME = retiretime;
			};
			name = Debug;
		};
		9684AD502D777D790057025B /* Release */ = {
			isa = XCBuildConfiguration;
			buildSettings = {
				CODE_SIGN_STYLE = Automatic;
				CURRENT_PROJECT_VERSION = 1;
				GENERATE_INFOPLIST_FILE = NO;
				INFOPLIST_FILE = retiretime/Info.plist;
				MARKETING_VERSION = 1.0;
				PRODUCT_BUNDLE_IDENTIFIER = com.fenghua.retiretimeUITests;
				PRODUCT_NAME = "$(TARGET_NAME)";
				SWIFT_EMIT_LOC_STRINGS = NO;
				SWIFT_VERSION = 5.0;
				TARGETED_DEVICE_FAMILY = "1,2";
				TEST_TARGET_NAME = retiretime;
			};
			name = Release;
		};
		96B194E92D7CBC1F003DE913 /* Debug */ = {
			isa = XCBuildConfiguration;
			buildSettings = {
				ASSETCATALOG_COMPILER_GLOBAL_ACCENT_COLOR_NAME = AccentColor;
				ASSETCATALOG_COMPILER_WIDGET_BACKGROUND_COLOR_NAME = WidgetBackground;
				CODE_SIGN_ENTITLEMENTS = widgetsExtension.entitlements;
				"CODE_SIGN_IDENTITY[sdk=iphoneos*]" = "iPhone Developer";
				CODE_SIGN_STYLE = Manual;
				CURRENT_PROJECT_VERSION = 2;
				DEVELOPMENT_TEAM = "";
				"DEVELOPMENT_TEAM[sdk=iphoneos*]" = HLX2VK46WD;
				GENERATE_INFOPLIST_FILE = YES;
				INFOPLIST_FILE = widgets/Info.plist;
				INFOPLIST_KEY_CFBundleDisplayName = widgets;
				INFOPLIST_KEY_NSHumanReadableCopyright = "";
				IPHONEOS_DEPLOYMENT_TARGET = 16.0;
				LD_RUNPATH_SEARCH_PATHS = (
					"$(inherited)",
					"@executable_path/Frameworks",
					"@executable_path/../../Frameworks",
				);
				MARKETING_VERSION = 0.0.4;
				PRODUCT_BUNDLE_IDENTIFIER = com.fenghua.retiretime.widgets;
				PRODUCT_NAME = "$(TARGET_NAME)";
				PROVISIONING_PROFILE_SPECIFIER = "";
				"PROVISIONING_PROFILE_SPECIFIER[sdk=iphoneos*]" = com.fenghua.retiretime.widgets.developer;
				SKIP_INSTALL = YES;
				SWIFT_EMIT_LOC_STRINGS = YES;
				SWIFT_VERSION = 5.0;
				TARGETED_DEVICE_FAMILY = "1,2";
			};
			name = Debug;
		};
		96B194EA2D7CBC1F003DE913 /* Release */ = {
			isa = XCBuildConfiguration;
			buildSettings = {
				ASSETCATALOG_COMPILER_GLOBAL_ACCENT_COLOR_NAME = AccentColor;
				ASSETCATALOG_COMPILER_WIDGET_BACKGROUND_COLOR_NAME = WidgetBackground;
				CODE_SIGN_ENTITLEMENTS = widgetsExtension.entitlements;
				"CODE_SIGN_IDENTITY[sdk=iphoneos*]" = "iPhone Distribution";
				CODE_SIGN_STYLE = Manual;
				CURRENT_PROJECT_VERSION = 2;
				DEVELOPMENT_TEAM = "";
				"DEVELOPMENT_TEAM[sdk=iphoneos*]" = HLX2VK46WD;
				GENERATE_INFOPLIST_FILE = YES;
				INFOPLIST_FILE = widgets/Info.plist;
				INFOPLIST_KEY_CFBundleDisplayName = widgets;
				INFOPLIST_KEY_NSHumanReadableCopyright = "";
				IPHONEOS_DEPLOYMENT_TARGET = 16.0;
				LD_RUNPATH_SEARCH_PATHS = (
					"$(inherited)",
					"@executable_path/Frameworks",
					"@executable_path/../../Frameworks",
				);
				MARKETING_VERSION = 0.0.4;
				PRODUCT_BUNDLE_IDENTIFIER = com.fenghua.retiretime.widgets;
				PRODUCT_NAME = "$(TARGET_NAME)";
				PROVISIONING_PROFILE_SPECIFIER = "";
				"PROVISIONING_PROFILE_SPECIFIER[sdk=iphoneos*]" = com.fenghua.retiretime.widgets.adhoc;
				SKIP_INSTALL = YES;
				SWIFT_EMIT_LOC_STRINGS = YES;
				SWIFT_VERSION = 5.0;
				TARGETED_DEVICE_FAMILY = "1,2";
			};
			name = Release;
		};
/* End XCBuildConfiguration section */

/* Begin XCConfigurationList section */
		9684AD1F2D777D770057025B /* Build configuration list for PBXProject "retiretime" */ = {
			isa = XCConfigurationList;
			buildConfigurations = (
				9684AD462D777D790057025B /* Debug */,
				9684AD472D777D790057025B /* Release */,
			);
			defaultConfigurationIsVisible = 0;
			defaultConfigurationName = Release;
		};
		9684AD482D777D790057025B /* Build configuration list for PBXNativeTarget "retiretime" */ = {
			isa = XCConfigurationList;
			buildConfigurations = (
				9684AD492D777D790057025B /* Debug */,
				9684AD4A2D777D790057025B /* Release */,
			);
			defaultConfigurationIsVisible = 0;
			defaultConfigurationName = Release;
		};
		9684AD4B2D777D790057025B /* Build configuration list for PBXNativeTarget "retiretimeTests" */ = {
			isa = XCConfigurationList;
			buildConfigurations = (
				9684AD4C2D777D790057025B /* Debug */,
				9684AD4D2D777D790057025B /* Release */,
			);
			defaultConfigurationIsVisible = 0;
			defaultConfigurationName = Release;
		};
		9684AD4E2D777D790057025B /* Build configuration list for PBXNativeTarget "retiretimeUITests" */ = {
			isa = XCConfigurationList;
			buildConfigurations = (
				9684AD4F2D777D790057025B /* Debug */,
				9684AD502D777D790057025B /* Release */,
			);
			defaultConfigurationIsVisible = 0;
			defaultConfigurationName = Release;
		};
		96B194E82D7CBC1F003DE913 /* Build configuration list for PBXNativeTarget "widgetsExtension" */ = {
			isa = XCConfigurationList;
			buildConfigurations = (
				96B194E92D7CBC1F003DE913 /* Debug */,
				96B194EA2D7CBC1F003DE913 /* Release */,
			);
			defaultConfigurationIsVisible = 0;
			defaultConfigurationName = Release;
		};
/* End XCConfigurationList section */
	};
	rootObject = 9684AD1C2D777D770057025B /* Project object */;
}
